# This file was autogenerated by Stack.
# You should not edit this file by hand.
# For more information, please see the documentation at:
#   https://docs.haskellstack.org/en/stable/lock_files

packages:
- completed:
    hackage: placeholder-0@sha256:dfb801d5121b8f277288b24b47a869f173f94323eb2e85c060ab6aa60fb61a6c,1270
    pantry-tree:
      sha256: e83adedb943563daf59925ebdd5ccea3660ef617fd754940fb30941bd3269f56
      size: 330
  original:
    hackage: placeholder-0
- completed:
    hackage: int-like-0.1.3@sha256:3f8ed95cc4f122e8ba76928e7ec8c52f4ab536703062a8272a9ad543796f5d5c,3081
    pantry-tree:
      sha256: 041c70a2f58238a70332dcb578e796e192866b66e99035acfe0c776d2804969d
      size: 510
  original:
    hackage: int-like-0.1.3
- completed:
    hackage: prop-unit-0.1.3@sha256:feb644113d799b971201b2dc47cd01fc9a30b972dec7597a4dfd9c8fb3250f1f,2928
    pantry-tree:
      sha256: 3cb6fb85418b031e703d99ec6f2a30aaf4b67ed93a736a9d09454bade4f6c88b
      size: 263
  original:
    hackage: prop-unit-0.1.3
- completed:
    commit: b77a17e5eeb7db82656bcbcd66c6e952207e69ca
    git: git@github.com:IagoAbal/haskell-z3
    name: z3
    pantry-tree:
      sha256: 991b51749ed89306e80e1bc62c97539991b1a4b2bfc8aae9d6f98480200f48d5
      size: 2289
    version: 411.0.1
  original:
    commit: b77a17e5eeb7db82656bcbcd66c6e952207e69ca
    git: git@github.com:IagoAbal/haskell-z3
snapshots:
- completed:
    sha256: 1e32b51d9082fdf6f3bd92accc9dfffd4ddaf406404427fb10bf76d2bc03cbbb
    size: 720263
    url: https://raw.githubusercontent.com/commercialhaskell/stackage-snapshots/master/lts/22/41.yaml
  original: lts-22.41
