# This file was autogenerated by Stack.
# You should not edit this file by hand.
# For more information, please see the documentation at:
#   https://docs.haskellstack.org/en/stable/lock_files

packages:
- completed:
    hackage: int-like-0.1.2@sha256:447b8bc1a137884e178067376df20a1477ebfc753e0336a97ddb91e03dc9ec78,3081
    pantry-tree:
      sha256: d3fd5a5c04278ea29b78d60a52db1be7e8b7d2af6caccb4868260665066633f8
      size: 510
  original:
    hackage: int-like-0.1.2
- completed:
    commit: b77a17e5eeb7db82656bcbcd66c6e952207e69ca
    git: git@github.com:IagoAbal/haskell-z3
    name: z3
    pantry-tree:
      sha256: 991b51749ed89306e80e1bc62c97539991b1a4b2bfc8aae9d6f98480200f48d5
      size: 2289
    version: 411.0.1
  original:
    commit: b77a17e5eeb7db82656bcbcd66c6e952207e69ca
    git: git@github.com:IagoAbal/haskell-z3
snapshots:
- completed:
    sha256: c6274f9587d6bf40b6aaa7d1092684c37a2d8bb1e0df999ae0e2b755db15682d
    size: 720026
    url: https://raw.githubusercontent.com/commercialhaskell/stackage-snapshots/master/lts/22/37.yaml
  original: lts-22.37
