# This file was autogenerated by Stack.
# You should not edit this file by hand.
# For more information, please see the documentation at:
#   https://docs.haskellstack.org/en/stable/lock_files

packages:
- completed:
    hackage: int-like-0.1.4@sha256:92db0797a1e87810453cd6539cc14085c5e214f55675f48ce8c82db476891578,1921
    pantry-tree:
      sha256: 47680d25819c7bd4e97dfbb6e4dc2e3ce142ca267b069954340cdb2b68e1690b
      size: 458
  original:
    hackage: int-like-0.1.4
- completed:
    hackage: prop-unit-0.1.4@sha256:4e814c6c31e18847902b6507a03bcce3572db9e7dfcbefb3be1113aab779cf00,2940
    pantry-tree:
      sha256: 502c4c6c41447a8d99e87cdc2031c01def8d1919360400bd7e390179e9f74fb5
      size: 263
  original:
    hackage: prop-unit-0.1.4
- completed:
    hackage: unimap-0.1.0@sha256:57bbc008cbd5bee22c84c36c5eab4260b9f08cd5df83ff90cd11f1f70d6455dd,2907
    pantry-tree:
      sha256: 19f58d77cf0ff9f18e0b762f1b05e20b75fbd0943212217c52bbb06e34ee5a31
      size: 165
  original:
    hackage: unimap-0.1.0
- completed:
    commit: b77a17e5eeb7db82656bcbcd66c6e952207e69ca
    git: https://github.com/ejconlon/haskell-z3.git
    name: z3
    pantry-tree:
      sha256: 991b51749ed89306e80e1bc62c97539991b1a4b2bfc8aae9d6f98480200f48d5
      size: 2289
    version: 411.0.1
  original:
    commit: b77a17e5eeb7db82656bcbcd66c6e952207e69ca
    git: https://github.com/ejconlon/haskell-z3.git
snapshots:
- completed:
    sha256: 9444fadfa30b67a93080254d53872478c087592ad64443e47c546cdcd13149ae
    size: 678857
    url: https://raw.githubusercontent.com/commercialhaskell/stackage-snapshots/master/lts/23/0.yaml
  original: lts-23.0
